
Microsoft Visual Studio Solution File, Format Version 12.00
# Visual Studio Version 16
VisualStudioVersion = 16.0.29709.97
MinimumVisualStudioVersion = 10.0.40219.1
Project("{FAE04EC0-301F-11D3-BF4B-00C04F79EFBC}") = "ContestEnterer", "ContestEnterer.csproj", "{072EA228-B779-4329-8417-5C2DB5E292ED}"
EndProject
Global
	GlobalSection(SolutionConfigurationPlatforms) = preSolution
		Debug|Any CPU = Debug|Any CPU
		Release|Any CPU = Release|Any CPU
	EndGlobalSection
	GlobalSection(ProjectConfigurationPlatforms) = postSolution
		{072EA228-B779-4329-8417-5C2DB5E292ED}.Debug|Any CPU.ActiveCfg = Debug|Any CPU
		{072EA228-B779-4329-8417-5C2DB5E292ED}.Debug|Any CPU.Build.0 = Debug|Any CPU
		{072EA228-B779-4329-8417-5C2DB5E292ED}.Release|Any CPU.ActiveCfg = Release|Any CPU
		{072EA228-B779-4329-8417-5C2DB5E292ED}.Release|Any CPU.Build.0 = Release|Any CPU
	EndGlobalSection
	GlobalSection(SolutionProperties) = preSolution
		HideSolutionNode = FALSE
	EndGlobalSection
	GlobalSection(ExtensibilityGlobals) = postSolution
		SolutionGuid = {39B0AFE7-4B1D-4949-8A31-8D933507BC24}
	EndGlobalSection
EndGlobal
